
Microsoft Visual Studio Solution File, Format Version 12.00
# Visual Studio Version 16
VisualStudioVersion = 16.0.31112.23
MinimumVisualStudioVersion = 10.0.40219.1
Project("{888888A0-9F3D-457C-B088-3A5042F75D52}") = "GeoPlot", "GeoPlot\GeoPlot.pyproj", "{A81E7BEC-1176-4035-8C91-79C7EEA97BBA}"
EndProject
Project("{888888A0-9F3D-457C-B088-3A5042F75D52}") = "TmxREST", "TmxREST\TmxREST.pyproj", "{C1C27236-841D-4CE6-A71C-FA3A360E84F2}"
EndProject
Project("{888888A0-9F3D-457C-B088-3A5042F75D52}") = "ExifData", "ExifData\ExifData.pyproj", "{6F4C821E-B96C-42EB-B6DC-83CE3A88AE08}"
EndProject
Project("{888888A0-9F3D-457C-B088-3A5042F75D52}") = "WordCloud", "WordCloud\WordCloud.pyproj", "{5CA88960-93E2-45A9-AD25-6FB314D7AF2B}"
EndProject
Project("{888888A0-9F3D-457C-B088-3A5042F75D52}") = "TemperatureMIDI", "TemperatureMIDI\TemperatureMIDI.pyproj", "{A232405A-4BCD-49F8-B7DF-D540198CBD85}"
EndProject
Global
	GlobalSection(SolutionConfigurationPlatforms) = preSolution
		Debug|Any CPU = Debug|Any CPU
		Release|Any CPU = Release|Any CPU
	EndGlobalSection
	GlobalSection(ProjectConfigurationPlatforms) = postSolution
		{A81E7BEC-1176-4035-8C91-79C7EEA97BBA}.Debug|Any CPU.ActiveCfg = Debug|Any CPU
		{A81E7BEC-1176-4035-8C91-79C7EEA97BBA}.Release|Any CPU.ActiveCfg = Release|Any CPU
		{C1C27236-841D-4CE6-A71C-FA3A360E84F2}.Debug|Any CPU.ActiveCfg = Debug|Any CPU
		{C1C27236-841D-4CE6-A71C-FA3A360E84F2}.Release|Any CPU.ActiveCfg = Release|Any CPU
		{6F4C821E-B96C-42EB-B6DC-83CE3A88AE08}.Debug|Any CPU.ActiveCfg = Debug|Any CPU
		{6F4C821E-B96C-42EB-B6DC-83CE3A88AE08}.Release|Any CPU.ActiveCfg = Release|Any CPU
		{5CA88960-93E2-45A9-AD25-6FB314D7AF2B}.Debug|Any CPU.ActiveCfg = Debug|Any CPU
		{5CA88960-93E2-45A9-AD25-6FB314D7AF2B}.Release|Any CPU.ActiveCfg = Release|Any CPU
		{A232405A-4BCD-49F8-B7DF-D540198CBD85}.Debug|Any CPU.ActiveCfg = Debug|Any CPU
		{A232405A-4BCD-49F8-B7DF-D540198CBD85}.Release|Any CPU.ActiveCfg = Release|Any CPU
	EndGlobalSection
	GlobalSection(SolutionProperties) = preSolution
		HideSolutionNode = FALSE
	EndGlobalSection
	GlobalSection(ExtensibilityGlobals) = postSolution
		SolutionGuid = {7001BF29-5696-4FDD-BA12-6C910C31080C}
	EndGlobalSection
EndGlobal
