
Microsoft Visual Studio Solution File, Format Version 12.00
# Visual Studio Version 16
VisualStudioVersion = 16.0.31112.23
MinimumVisualStudioVersion = 10.0.40219.1
Project("{888888A0-9F3D-457C-B088-3A5042F75D52}") = "GeoPlot", "GeoPlot\GeoPlot.pyproj", "{A81E7BEC-1176-4035-8C91-79C7EEA97BBA}"
EndProject
Project("{888888A0-9F3D-457C-B088-3A5042F75D52}") = "TmxREST", "TmxREST\TmxREST.pyproj", "{C1C27236-841D-4CE6-A71C-FA3A360E84F2}"
EndProject
Project("{888888A0-9F3D-457C-B088-3A5042F75D52}") = "ExifData", "ExifData\ExifData.pyproj", "{6F4C821E-B96C-42EB-B6DC-83CE3A88AE08}"
EndProject
Project("{888888A0-9F3D-457C-B088-3A5042F75D52}") = "WordCloud", "WordCloud\WordCloud.pyproj", "{5CA88960-93E2-45A9-AD25-6FB314D7AF2B}"
EndProject
Project("{888888A0-9F3D-457C-B088-3A5042F75D52}") = "TemperatureMIDI", "TemperatureMIDI\TemperatureMIDI.pyproj", "{A232405A-4BCD-49F8-B7DF-D540198CBD85}"
EndProject
Project("{888888A0-9F3D-457C-B088-3A5042F75D52}") = "NASAMeteorite", "NASAMeteorite\NASAMeteorite.pyproj", "{C6BD7774-7F8A-4444-8F2B-C82EEE6C8491}"
EndProject
Project("{888888A0-9F3D-457C-B088-3A5042F75D52}") = "MarketingSQL", "MarketingSQL\MarketingSQL.pyproj", "{AA3B8D70-A540-47D7-88B9-A4AFA3C56B48}"
EndProject
Project("{888888A0-9F3D-457C-B088-3A5042F75D52}") = "MarketingNoDb", "MarketingNoDb\MarketingNoDb.pyproj", "{19B5A103-CFF2-4FD9-B682-A1712CD030DB}"
EndProject
Project("{888888A0-9F3D-457C-B088-3A5042F75D52}") = "BokehStreaming", "BokehStreaming\BokehStreaming.pyproj", "{F91DB5C4-4AF9-499B-8147-14AAA73F962F}"
EndProject
Project("{888888A0-9F3D-457C-B088-3A5042F75D52}") = "LibrosaMusicVisualisation", "LibrosaMusicVisualisation\LibrosaMusicVisualisation.pyproj", "{609020FB-4814-4262-B6FC-77604246D835}"
EndProject
Project("{888888A0-9F3D-457C-B088-3A5042F75D52}") = "FolderTreeStats", "FolderTreeStats\FolderTreeStats.pyproj", "{DBED9D3C-AAA8-4899-9FC8-C82D658551C8}"
EndProject
Project("{888888A0-9F3D-457C-B088-3A5042F75D52}") = "BokehInteractive", "BokehInteractive\BokehInteractive.pyproj", "{CC34EC64-4B55-49CF-8F56-2E8335E5D612}"
EndProject
Project("{888888A0-9F3D-457C-B088-3A5042F75D52}") = "SamsungHealthHoloviews", "SamsungHealthHoloviews\SamsungHealthHoloviews.pyproj", "{F8217E24-8A7E-416F-B590-D6B87857FC86}"
EndProject
Project("{888888A0-9F3D-457C-B088-3A5042F75D52}") = "PLARiverVisualisation", "PLARiverVisualisation\PLARiverVisualisation.pyproj", "{C3A36C86-E02E-4493-9C1F-125587682474}"
EndProject
Project("{888888A0-9F3D-457C-B088-3A5042F75D52}") = "TEMPTestScript", "DetailedExploration\TEMPTestScript.pyproj", "{8890FF20-FC4F-4EB9-991A-231EBB974634}"
EndProject
Project("{2150E333-8FDC-42A3-9474-1A3956D46DE8}") = "LibraryTesting", "LibraryTesting", "{4DAA0DCA-5F4E-48D0-9053-4A02D3764218}"
EndProject
Project("{888888A0-9F3D-457C-B088-3A5042F75D52}") = "Template", "Template\Template.pyproj", "{81819B2F-23E0-47D1-80EB-B13E8FE99C50}"
EndProject
Project("{888888A0-9F3D-457C-B088-3A5042F75D52}") = "Testing_Matplotlib", "Testing_Matplotlib\Testing_Matplotlib.pyproj", "{5B130C0A-0898-4988-940E-AB16C28C8441}"
EndProject
Project("{2150E333-8FDC-42A3-9474-1A3956D46DE8}") = "LoadingData", "LoadingData", "{32C85689-2B52-4AC3-A518-8C737235A506}"
EndProject
Project("{2150E333-8FDC-42A3-9474-1A3956D46DE8}") = "CompleteExamples", "CompleteExamples", "{AAE4DBB2-E225-4EFA-A8A8-CA45290E0124}"
EndProject
Project("{2150E333-8FDC-42A3-9474-1A3956D46DE8}") = "VisualizingData", "VisualizingData", "{2DBB7B23-808F-4BF7-B506-B51BDD1383F7}"
EndProject
Project("{888888A0-9F3D-457C-B088-3A5042F75D52}") = "LoadingFiles", "LoadingFiles\LoadingFiles.pyproj", "{0909C4FF-D85D-45C7-880C-FB6CFCB8EB8B}"
EndProject
Project("{888888A0-9F3D-457C-B088-3A5042F75D52}") = "Testing_Seaborn", "Testing_Seaborn\Testing_Seaborn.pyproj", "{B775AC1F-4A26-4B14-BB98-904BB8794C39}"
EndProject
Project("{888888A0-9F3D-457C-B088-3A5042F75D52}") = "LoadingFromPage", "LoadingFromPage\LoadingFromPage.pyproj", "{C728DB0E-4C93-445B-9DDB-DCA0378B9C83}"
EndProject
Global
	GlobalSection(SolutionConfigurationPlatforms) = preSolution
		Debug|Any CPU = Debug|Any CPU
		Release|Any CPU = Release|Any CPU
	EndGlobalSection
	GlobalSection(ProjectConfigurationPlatforms) = postSolution
		{A81E7BEC-1176-4035-8C91-79C7EEA97BBA}.Debug|Any CPU.ActiveCfg = Debug|Any CPU
		{A81E7BEC-1176-4035-8C91-79C7EEA97BBA}.Release|Any CPU.ActiveCfg = Release|Any CPU
		{C1C27236-841D-4CE6-A71C-FA3A360E84F2}.Debug|Any CPU.ActiveCfg = Debug|Any CPU
		{C1C27236-841D-4CE6-A71C-FA3A360E84F2}.Release|Any CPU.ActiveCfg = Release|Any CPU
		{6F4C821E-B96C-42EB-B6DC-83CE3A88AE08}.Debug|Any CPU.ActiveCfg = Debug|Any CPU
		{6F4C821E-B96C-42EB-B6DC-83CE3A88AE08}.Release|Any CPU.ActiveCfg = Release|Any CPU
		{5CA88960-93E2-45A9-AD25-6FB314D7AF2B}.Debug|Any CPU.ActiveCfg = Debug|Any CPU
		{5CA88960-93E2-45A9-AD25-6FB314D7AF2B}.Release|Any CPU.ActiveCfg = Release|Any CPU
		{A232405A-4BCD-49F8-B7DF-D540198CBD85}.Debug|Any CPU.ActiveCfg = Debug|Any CPU
		{A232405A-4BCD-49F8-B7DF-D540198CBD85}.Release|Any CPU.ActiveCfg = Release|Any CPU
		{C6BD7774-7F8A-4444-8F2B-C82EEE6C8491}.Debug|Any CPU.ActiveCfg = Debug|Any CPU
		{C6BD7774-7F8A-4444-8F2B-C82EEE6C8491}.Release|Any CPU.ActiveCfg = Release|Any CPU
		{AA3B8D70-A540-47D7-88B9-A4AFA3C56B48}.Debug|Any CPU.ActiveCfg = Debug|Any CPU
		{AA3B8D70-A540-47D7-88B9-A4AFA3C56B48}.Release|Any CPU.ActiveCfg = Release|Any CPU
		{19B5A103-CFF2-4FD9-B682-A1712CD030DB}.Debug|Any CPU.ActiveCfg = Debug|Any CPU
		{19B5A103-CFF2-4FD9-B682-A1712CD030DB}.Release|Any CPU.ActiveCfg = Release|Any CPU
		{F91DB5C4-4AF9-499B-8147-14AAA73F962F}.Debug|Any CPU.ActiveCfg = Debug|Any CPU
		{F91DB5C4-4AF9-499B-8147-14AAA73F962F}.Release|Any CPU.ActiveCfg = Release|Any CPU
		{609020FB-4814-4262-B6FC-77604246D835}.Debug|Any CPU.ActiveCfg = Debug|Any CPU
		{609020FB-4814-4262-B6FC-77604246D835}.Release|Any CPU.ActiveCfg = Release|Any CPU
		{DBED9D3C-AAA8-4899-9FC8-C82D658551C8}.Debug|Any CPU.ActiveCfg = Debug|Any CPU
		{DBED9D3C-AAA8-4899-9FC8-C82D658551C8}.Release|Any CPU.ActiveCfg = Release|Any CPU
		{CC34EC64-4B55-49CF-8F56-2E8335E5D612}.Debug|Any CPU.ActiveCfg = Debug|Any CPU
		{CC34EC64-4B55-49CF-8F56-2E8335E5D612}.Release|Any CPU.ActiveCfg = Release|Any CPU
		{F8217E24-8A7E-416F-B590-D6B87857FC86}.Debug|Any CPU.ActiveCfg = Debug|Any CPU
		{F8217E24-8A7E-416F-B590-D6B87857FC86}.Release|Any CPU.ActiveCfg = Release|Any CPU
		{C3A36C86-E02E-4493-9C1F-125587682474}.Debug|Any CPU.ActiveCfg = Debug|Any CPU
		{C3A36C86-E02E-4493-9C1F-125587682474}.Release|Any CPU.ActiveCfg = Release|Any CPU
		{8890FF20-FC4F-4EB9-991A-231EBB974634}.Debug|Any CPU.ActiveCfg = Debug|Any CPU
		{8890FF20-FC4F-4EB9-991A-231EBB974634}.Release|Any CPU.ActiveCfg = Release|Any CPU
		{81819B2F-23E0-47D1-80EB-B13E8FE99C50}.Debug|Any CPU.ActiveCfg = Debug|Any CPU
		{81819B2F-23E0-47D1-80EB-B13E8FE99C50}.Release|Any CPU.ActiveCfg = Release|Any CPU
		{5B130C0A-0898-4988-940E-AB16C28C8441}.Debug|Any CPU.ActiveCfg = Debug|Any CPU
		{5B130C0A-0898-4988-940E-AB16C28C8441}.Release|Any CPU.ActiveCfg = Release|Any CPU
		{0909C4FF-D85D-45C7-880C-FB6CFCB8EB8B}.Debug|Any CPU.ActiveCfg = Debug|Any CPU
		{0909C4FF-D85D-45C7-880C-FB6CFCB8EB8B}.Release|Any CPU.ActiveCfg = Release|Any CPU
		{B775AC1F-4A26-4B14-BB98-904BB8794C39}.Debug|Any CPU.ActiveCfg = Debug|Any CPU
		{B775AC1F-4A26-4B14-BB98-904BB8794C39}.Release|Any CPU.ActiveCfg = Release|Any CPU
		{C728DB0E-4C93-445B-9DDB-DCA0378B9C83}.Debug|Any CPU.ActiveCfg = Debug|Any CPU
		{C728DB0E-4C93-445B-9DDB-DCA0378B9C83}.Release|Any CPU.ActiveCfg = Release|Any CPU
	EndGlobalSection
	GlobalSection(SolutionProperties) = preSolution
		HideSolutionNode = FALSE
	EndGlobalSection
	GlobalSection(NestedProjects) = preSolution
		{A81E7BEC-1176-4035-8C91-79C7EEA97BBA} = {AAE4DBB2-E225-4EFA-A8A8-CA45290E0124}
		{C1C27236-841D-4CE6-A71C-FA3A360E84F2} = {AAE4DBB2-E225-4EFA-A8A8-CA45290E0124}
		{6F4C821E-B96C-42EB-B6DC-83CE3A88AE08} = {AAE4DBB2-E225-4EFA-A8A8-CA45290E0124}
		{5CA88960-93E2-45A9-AD25-6FB314D7AF2B} = {AAE4DBB2-E225-4EFA-A8A8-CA45290E0124}
		{A232405A-4BCD-49F8-B7DF-D540198CBD85} = {AAE4DBB2-E225-4EFA-A8A8-CA45290E0124}
		{C6BD7774-7F8A-4444-8F2B-C82EEE6C8491} = {AAE4DBB2-E225-4EFA-A8A8-CA45290E0124}
		{AA3B8D70-A540-47D7-88B9-A4AFA3C56B48} = {AAE4DBB2-E225-4EFA-A8A8-CA45290E0124}
		{19B5A103-CFF2-4FD9-B682-A1712CD030DB} = {AAE4DBB2-E225-4EFA-A8A8-CA45290E0124}
		{F91DB5C4-4AF9-499B-8147-14AAA73F962F} = {AAE4DBB2-E225-4EFA-A8A8-CA45290E0124}
		{609020FB-4814-4262-B6FC-77604246D835} = {AAE4DBB2-E225-4EFA-A8A8-CA45290E0124}
		{DBED9D3C-AAA8-4899-9FC8-C82D658551C8} = {AAE4DBB2-E225-4EFA-A8A8-CA45290E0124}
		{CC34EC64-4B55-49CF-8F56-2E8335E5D612} = {AAE4DBB2-E225-4EFA-A8A8-CA45290E0124}
		{F8217E24-8A7E-416F-B590-D6B87857FC86} = {AAE4DBB2-E225-4EFA-A8A8-CA45290E0124}
		{C3A36C86-E02E-4493-9C1F-125587682474} = {AAE4DBB2-E225-4EFA-A8A8-CA45290E0124}
		{81819B2F-23E0-47D1-80EB-B13E8FE99C50} = {4DAA0DCA-5F4E-48D0-9053-4A02D3764218}
		{5B130C0A-0898-4988-940E-AB16C28C8441} = {4DAA0DCA-5F4E-48D0-9053-4A02D3764218}
		{0909C4FF-D85D-45C7-880C-FB6CFCB8EB8B} = {32C85689-2B52-4AC3-A518-8C737235A506}
		{B775AC1F-4A26-4B14-BB98-904BB8794C39} = {4DAA0DCA-5F4E-48D0-9053-4A02D3764218}
		{C728DB0E-4C93-445B-9DDB-DCA0378B9C83} = {32C85689-2B52-4AC3-A518-8C737235A506}
	EndGlobalSection
	GlobalSection(ExtensibilityGlobals) = postSolution
		SolutionGuid = {7001BF29-5696-4FDD-BA12-6C910C31080C}
	EndGlobalSection
EndGlobal
